
Microsoft Visual Studio Solution File, Format Version 12.00
# Visual Studio Version 17
VisualStudioVersion = 17.14.36414.22 d17.14
MinimumVisualStudioVersion = 10.0.40219.1
Project("{FAE04EC0-301F-11D3-BF4B-00C04F79EFBC}") = "BlogDataLibrary", "BlogDataLibrary\BlogDataLibrary.csproj", "{0FBF196F-C5D2-477B-A655-76E85231FEFB}"
EndProject
Project("{00D1A9C2-B5F0-4AF3-8072-F6C62B433612}") = "ManoosBlogDB", "ManoosBlogDB\ManoosBlogDB.sqlproj", "{B7701409-05B4-4AEA-97E9-636B7746A8B8}"
EndProject
Project("{FAE04EC0-301F-11D3-BF4B-00C04F79EFBC}") = "BlogTestUI", "BlogTestUI\BlogTestUI.csproj", "{3A989FFB-7292-436A-BC99-84FEEC9A84C4}"
EndProject
Global
	GlobalSection(SolutionConfigurationPlatforms) = preSolution
		Debug|Any CPU = Debug|Any CPU
		Release|Any CPU = Release|Any CPU
	EndGlobalSection
	GlobalSection(ProjectConfigurationPlatforms) = postSolution
		{0FBF196F-C5D2-477B-A655-76E85231FEFB}.Debug|Any CPU.ActiveCfg = Debug|Any CPU
		{0FBF196F-C5D2-477B-A655-76E85231FEFB}.Debug|Any CPU.Build.0 = Debug|Any CPU
		{0FBF196F-C5D2-477B-A655-76E85231FEFB}.Release|Any CPU.ActiveCfg = Release|Any CPU
		{0FBF196F-C5D2-477B-A655-76E85231FEFB}.Release|Any CPU.Build.0 = Release|Any CPU
		{B7701409-05B4-4AEA-97E9-636B7746A8B8}.Debug|Any CPU.ActiveCfg = Debug|Any CPU
		{B7701409-05B4-4AEA-97E9-636B7746A8B8}.Debug|Any CPU.Build.0 = Debug|Any CPU
		{B7701409-05B4-4AEA-97E9-636B7746A8B8}.Debug|Any CPU.Deploy.0 = Debug|Any CPU
		{B7701409-05B4-4AEA-97E9-636B7746A8B8}.Release|Any CPU.ActiveCfg = Release|Any CPU
		{B7701409-05B4-4AEA-97E9-636B7746A8B8}.Release|Any CPU.Build.0 = Release|Any CPU
		{B7701409-05B4-4AEA-97E9-636B7746A8B8}.Release|Any CPU.Deploy.0 = Release|Any CPU
		{3A989FFB-7292-436A-BC99-84FEEC9A84C4}.Debug|Any CPU.ActiveCfg = Debug|Any CPU
		{3A989FFB-7292-436A-BC99-84FEEC9A84C4}.Debug|Any CPU.Build.0 = Debug|Any CPU
		{3A989FFB-7292-436A-BC99-84FEEC9A84C4}.Release|Any CPU.ActiveCfg = Release|Any CPU
		{3A989FFB-7292-436A-BC99-84FEEC9A84C4}.Release|Any CPU.Build.0 = Release|Any CPU
	EndGlobalSection
	GlobalSection(SolutionProperties) = preSolution
		HideSolutionNode = FALSE
	EndGlobalSection
	GlobalSection(ExtensibilityGlobals) = postSolution
		SolutionGuid = {C803EB6F-6B28-4124-8F8C-680FA9BBE7F4}
	EndGlobalSection
EndGlobal
